# This file is automatically @generated by Cargo.
# It is not intended for manual editing.
version = 3

[[package]]
name = "lucian"
version = "0.1.0"
source = "registry+https://github.com/rust-lang/crates.io-index"
checksum = "b087702eb37725d9832dacf36430961ff61191dd13f41cbbab98d9f12fce14e0"

[[package]]
name = "theshy_local"
version = "0.1.0"
dependencies = [
 "lucian",
]
